
Microsoft Visual Studio Solution File, Format Version 12.00
# Visual Studio Version 17
VisualStudioVersion = 17.4.33205.214
MinimumVisualStudioVersion = 10.0.40219.1
Project("{FAE04EC0-301F-11D3-BF4B-00C04F79EFBC}") = "fix-ef-donet", "fix-ef-donet\fix-ef-donet.csproj", "{969421FF-133B-4AB7-9848-04BAE4B3D835}"
EndProject
Global
	GlobalSection(SolutionConfigurationPlatforms) = preSolution
		Debug|Any CPU = Debug|Any CPU
		Release|Any CPU = Release|Any CPU
	EndGlobalSection
	GlobalSection(ProjectConfigurationPlatforms) = postSolution
		{969421FF-133B-4AB7-9848-04BAE4B3D835}.Debug|Any CPU.ActiveCfg = Debug|Any CPU
		{969421FF-133B-4AB7-9848-04BAE4B3D835}.Debug|Any CPU.Build.0 = Debug|Any CPU
		{969421FF-133B-4AB7-9848-04BAE4B3D835}.Release|Any CPU.ActiveCfg = Release|Any CPU
		{969421FF-133B-4AB7-9848-04BAE4B3D835}.Release|Any CPU.Build.0 = Release|Any CPU
	EndGlobalSection
	GlobalSection(SolutionProperties) = preSolution
		HideSolutionNode = FALSE
	EndGlobalSection
	GlobalSection(ExtensibilityGlobals) = postSolution
		SolutionGuid = {37B64D57-DA08-49E1-9133-96A83BF29013}
	EndGlobalSection
EndGlobal
